
Microsoft Visual Studio Solution File, Format Version 12.00
# Visual Studio Version 17
VisualStudioVersion = 17.4.33205.214
MinimumVisualStudioVersion = 10.0.40219.1
Project("{FAE04EC0-301F-11D3-BF4B-00C04F79EFBC}") = "BugTracker.Contracts", "BugTracker.Contracts\BugTracker.Contracts.csproj", "{C221904B-E6E8-40E4-A590-5BEACEF45D9C}"
EndProject
Project("{FAE04EC0-301F-11D3-BF4B-00C04F79EFBC}") = "BugTracker.Api", "BugTracker.Api\BugTracker.Api.csproj", "{6E80C7E8-585D-4BC7-A2B6-58287037CB27}"
EndProject
Project("{FAE04EC0-301F-11D3-BF4B-00C04F79EFBC}") = "BugTracker.Infrastructure", "BugTracker.Infrastructure\BugTracker.Infrastructure.csproj", "{A250FAB1-DC58-4366-9C25-6090148A56AB}"
EndProject
Project("{FAE04EC0-301F-11D3-BF4B-00C04F79EFBC}") = "BugTracker.Application", "BugTracker.Application\BugTracker.Application.csproj", "{D7DAB5AD-1CFB-4B28-B74B-336AA2AAF13A}"
EndProject
Project("{FAE04EC0-301F-11D3-BF4B-00C04F79EFBC}") = "BugTracker.Domain", "BugTracker.Domain\BugTracker.Domain.csproj", "{264ED0E8-A583-4635-AE0D-67075D4C423A}"
EndProject
Global
	GlobalSection(SolutionConfigurationPlatforms) = preSolution
		Debug|Any CPU = Debug|Any CPU
		Release|Any CPU = Release|Any CPU
	EndGlobalSection
	GlobalSection(ProjectConfigurationPlatforms) = postSolution
		{C221904B-E6E8-40E4-A590-5BEACEF45D9C}.Debug|Any CPU.ActiveCfg = Debug|Any CPU
		{C221904B-E6E8-40E4-A590-5BEACEF45D9C}.Debug|Any CPU.Build.0 = Debug|Any CPU
		{C221904B-E6E8-40E4-A590-5BEACEF45D9C}.Release|Any CPU.ActiveCfg = Release|Any CPU
		{C221904B-E6E8-40E4-A590-5BEACEF45D9C}.Release|Any CPU.Build.0 = Release|Any CPU
		{6E80C7E8-585D-4BC7-A2B6-58287037CB27}.Debug|Any CPU.ActiveCfg = Debug|Any CPU
		{6E80C7E8-585D-4BC7-A2B6-58287037CB27}.Debug|Any CPU.Build.0 = Debug|Any CPU
		{6E80C7E8-585D-4BC7-A2B6-58287037CB27}.Release|Any CPU.ActiveCfg = Release|Any CPU
		{6E80C7E8-585D-4BC7-A2B6-58287037CB27}.Release|Any CPU.Build.0 = Release|Any CPU
		{A250FAB1-DC58-4366-9C25-6090148A56AB}.Debug|Any CPU.ActiveCfg = Debug|Any CPU
		{A250FAB1-DC58-4366-9C25-6090148A56AB}.Debug|Any CPU.Build.0 = Debug|Any CPU
		{A250FAB1-DC58-4366-9C25-6090148A56AB}.Release|Any CPU.ActiveCfg = Release|Any CPU
		{A250FAB1-DC58-4366-9C25-6090148A56AB}.Release|Any CPU.Build.0 = Release|Any CPU
		{D7DAB5AD-1CFB-4B28-B74B-336AA2AAF13A}.Debug|Any CPU.ActiveCfg = Debug|Any CPU
		{D7DAB5AD-1CFB-4B28-B74B-336AA2AAF13A}.Debug|Any CPU.Build.0 = Debug|Any CPU
		{D7DAB5AD-1CFB-4B28-B74B-336AA2AAF13A}.Release|Any CPU.ActiveCfg = Release|Any CPU
		{D7DAB5AD-1CFB-4B28-B74B-336AA2AAF13A}.Release|Any CPU.Build.0 = Release|Any CPU
		{264ED0E8-A583-4635-AE0D-67075D4C423A}.Debug|Any CPU.ActiveCfg = Debug|Any CPU
		{264ED0E8-A583-4635-AE0D-67075D4C423A}.Debug|Any CPU.Build.0 = Debug|Any CPU
		{264ED0E8-A583-4635-AE0D-67075D4C423A}.Release|Any CPU.ActiveCfg = Release|Any CPU
		{264ED0E8-A583-4635-AE0D-67075D4C423A}.Release|Any CPU.Build.0 = Release|Any CPU
	EndGlobalSection
	GlobalSection(SolutionProperties) = preSolution
		HideSolutionNode = FALSE
	EndGlobalSection
	GlobalSection(ExtensibilityGlobals) = postSolution
		SolutionGuid = {F98407CB-9603-451F-9269-6518B2E7C355}
	EndGlobalSection
EndGlobal
